
Microsoft Visual Studio Solution File, Format Version 12.00
# Visual Studio Version 17
VisualStudioVersion = 17.0.32014.148
MinimumVisualStudioVersion = 10.0.40219.1
Project("{9A19103F-16F7-4668-BE54-9A1E7A4F7556}") = "STORESERVICES.API.AUTHOR", "STORESERVICES.API.AUTHOR\STORESERVICES.API.AUTHOR.csproj", "{BB3A099F-E6E5-4C49-8C6D-431F0277E4B0}"
EndProject
Project("{9A19103F-16F7-4668-BE54-9A1E7A4F7556}") = "STORESERVICES.API.AUTHOR.DAO", "STORESERVICES.API.AUTHOR.DAO\STORESERVICES.API.AUTHOR.DAO.csproj", "{57FE4C5F-8168-4F6A-A57D-9CAE839D52FE}"
EndProject
Project("{9A19103F-16F7-4668-BE54-9A1E7A4F7556}") = "STORESERVICES.API.AUTHOR.MODEL", "STORESERVICES.API.AUTHOR.MODEL\STORESERVICES.API.AUTHOR.MODEL.csproj", "{AC3D5648-7A6A-4400-85D2-A0EAB2CF87A9}"
EndProject
Project("{9A19103F-16F7-4668-BE54-9A1E7A4F7556}") = "STORESERVICES.API.AUTHOR.SERVICES", "STORESERVICES.API.AUTHOR.SERVICES\STORESERVICES.API.AUTHOR.SERVICES.csproj", "{3C933F65-3F32-41CB-B441-2492E3D06941}"
EndProject
Project("{9A19103F-16F7-4668-BE54-9A1E7A4F7556}") = "STORESERVICES.API.SHOPPINGCART", "STORESERVICES.API.SHOPPINGCART\STORESERVICES.API.SHOPPINGCART.csproj", "{9A2880F2-FD78-40C9-943F-17043B180EA7}"
EndProject
Project("{9A19103F-16F7-4668-BE54-9A1E7A4F7556}") = "STORESERVICES.API.GATEWAY", "STORESERVICES.API.GATEWAY\STORESERVICES.API.GATEWAY.csproj", "{3B534978-8592-4147-8813-333060C5F5DF}"
EndProject
Project("{9A19103F-16F7-4668-BE54-9A1E7A4F7556}") = "STORESERVICES.API.BOOK", "STORESERVICES.API.BOOK\STORESERVICES.API.BOOK.csproj", "{3F75168D-8508-4000-B522-F368FF761901}"
EndProject
Project("{9A19103F-16F7-4668-BE54-9A1E7A4F7556}") = "STORESERVICES.API.BOOK.DAO", "STORESERVICES.API.BOOK.DAO\STORESERVICES.API.BOOK.DAO.csproj", "{BBB625D4-3E58-4203-9837-BF256B8AB952}"
EndProject
Project("{9A19103F-16F7-4668-BE54-9A1E7A4F7556}") = "STORESERVICES.API.BOOK.MODEL", "STORESERVICES.API.BOOK.MODEL\STORESERVICES.API.BOOK.MODEL.csproj", "{3A9A6E7A-9805-45CC-8E92-8C58BD5CC97C}"
EndProject
Project("{9A19103F-16F7-4668-BE54-9A1E7A4F7556}") = "STORESERVICES.API.BOOK.SERVICES", "STORESERVICES.API.BOOK.SERVICES\STORESERVICES.API.BOOK.SERVICES.csproj", "{2E59395C-0699-4CF1-9531-4B40B149F04D}"
EndProject
Project("{9A19103F-16F7-4668-BE54-9A1E7A4F7556}") = "STORESERVICES.API.SHOPPINGCART.DAO", "STORESERVICES.API.SHOPPINGCART.DAO\STORESERVICES.API.SHOPPINGCART.DAO.csproj", "{F21982D9-15D7-4689-82BD-18641807DCD1}"
EndProject
Project("{9A19103F-16F7-4668-BE54-9A1E7A4F7556}") = "STORESERVICES.API.SHOPPINGCART.MODEL", "STORESERVICES.API.SHOPPINGCART.MODEL\STORESERVICES.API.SHOPPINGCART.MODEL.csproj", "{9F2A5D2E-3B49-4722-ADBE-E3ED3EE01A2E}"
EndProject
Project("{9A19103F-16F7-4668-BE54-9A1E7A4F7556}") = "STORESERVICES.API.SHOPPINGCART.SERVICES", "STORESERVICES.API.SHOPPINGCART.SERVICES\STORESERVICES.API.SHOPPINGCART.SERVICES.csproj", "{C6A02E95-C597-44F1-9849-80763EADB053}"
EndProject
Project("{9A19103F-16F7-4668-BE54-9A1E7A4F7556}") = "STORESERVICES.API.GATEWAY.DAO", "STORESERVICES.API.GATEWAY.DAO\STORESERVICES.API.GATEWAY.DAO.csproj", "{3B1CBB15-C67D-4E0C-B15F-D1D1A1F5A026}"
EndProject
Project("{9A19103F-16F7-4668-BE54-9A1E7A4F7556}") = "STORESERVICES.API.GATEWAY.MODEL", "STORESERVICES.API.GATEWAY.MODEL\STORESERVICES.API.GATEWAY.MODEL.csproj", "{61384D80-C57B-4FC0-ACA7-8D3CEBC5A808}"
EndProject
Project("{9A19103F-16F7-4668-BE54-9A1E7A4F7556}") = "STORESERVICES.API.GATEWAY.SERVICES", "STORESERVICES.API.GATEWAY.SERVICES\STORESERVICES.API.GATEWAY.SERVICES.csproj", "{0197F659-9EDC-4B86-B5BB-CF24757BB503}"
EndProject
Project("{2150E333-8FDC-42A3-9474-1A3956D46DE8}") = "AUTHOR", "AUTHOR", "{2BB36624-46F0-41D0-B655-536C191CE536}"
EndProject
Project("{2150E333-8FDC-42A3-9474-1A3956D46DE8}") = "BOOK", "BOOK", "{F3307B3C-EA9E-42B5-8956-3DB635E7758F}"
EndProject
Project("{2150E333-8FDC-42A3-9474-1A3956D46DE8}") = "GATEWAY", "GATEWAY", "{AA82F376-F434-44A5-BBA5-73C90F62613A}"
EndProject
Project("{2150E333-8FDC-42A3-9474-1A3956D46DE8}") = "SHOPPINGCART", "SHOPPINGCART", "{D8EB8B85-5351-496D-9731-D923DA586B8B}"
EndProject
Project("{E53339B2-1760-4266-BCC7-CA923CBCF16C}") = "docker-compose", "docker-compose.dcproj", "{E13D92D9-BE16-4B53-852E-87C4C481C701}"
EndProject
Project("{2150E333-8FDC-42A3-9474-1A3956D46DE8}") = "LOGINJWT", "LOGINJWT", "{D2589200-4608-4EC5-9913-C95B4995436E}"
EndProject
Project("{FAE04EC0-301F-11D3-BF4B-00C04F79EFBC}") = "STORESERVICES.API.LOGINJWT", "STORESERVICES.API.LOGINJWT\STORESERVICES.API.LOGINJWT.csproj", "{0B97BE8D-7D15-457E-96F0-213119D0E5DD}"
EndProject
Project("{FAE04EC0-301F-11D3-BF4B-00C04F79EFBC}") = "STORESERVICES.API.LOGINJWT.DAO", "STORESERVICES.API.LOGINJWT.DAO\STORESERVICES.API.LOGINJWT.DAO.csproj", "{426D0FC5-5D71-4C96-9B3D-9BBFBC907B75}"
EndProject
Project("{FAE04EC0-301F-11D3-BF4B-00C04F79EFBC}") = "STORESERVICES.API.LOGINJWT.MODEL", "STORESERVICES.API.LOGINJWT.MODEL\STORESERVICES.API.LOGINJWT.MODEL.csproj", "{AE298E55-B31B-429E-88A2-7A3D4BF63833}"
EndProject
Project("{FAE04EC0-301F-11D3-BF4B-00C04F79EFBC}") = "STORESERVICES.API.LOGINJWT.SERVICES", "STORESERVICES.API.LOGINJWT.SERVICES\STORESERVICES.API.LOGINJWT.SERVICES.csproj", "{FCEDA8FB-FDCE-4F1F-9DA4-069C44E2BAC6}"
EndProject
Global
	GlobalSection(SolutionConfigurationPlatforms) = preSolution
		Debug|Any CPU = Debug|Any CPU
		Release|Any CPU = Release|Any CPU
	EndGlobalSection
	GlobalSection(ProjectConfigurationPlatforms) = postSolution
		{BB3A099F-E6E5-4C49-8C6D-431F0277E4B0}.Debug|Any CPU.ActiveCfg = Debug|Any CPU
		{BB3A099F-E6E5-4C49-8C6D-431F0277E4B0}.Debug|Any CPU.Build.0 = Debug|Any CPU
		{BB3A099F-E6E5-4C49-8C6D-431F0277E4B0}.Release|Any CPU.ActiveCfg = Release|Any CPU
		{BB3A099F-E6E5-4C49-8C6D-431F0277E4B0}.Release|Any CPU.Build.0 = Release|Any CPU
		{57FE4C5F-8168-4F6A-A57D-9CAE839D52FE}.Debug|Any CPU.ActiveCfg = Debug|Any CPU
		{57FE4C5F-8168-4F6A-A57D-9CAE839D52FE}.Debug|Any CPU.Build.0 = Debug|Any CPU
		{57FE4C5F-8168-4F6A-A57D-9CAE839D52FE}.Release|Any CPU.ActiveCfg = Release|Any CPU
		{57FE4C5F-8168-4F6A-A57D-9CAE839D52FE}.Release|Any CPU.Build.0 = Release|Any CPU
		{AC3D5648-7A6A-4400-85D2-A0EAB2CF87A9}.Debug|Any CPU.ActiveCfg = Debug|Any CPU
		{AC3D5648-7A6A-4400-85D2-A0EAB2CF87A9}.Debug|Any CPU.Build.0 = Debug|Any CPU
		{AC3D5648-7A6A-4400-85D2-A0EAB2CF87A9}.Release|Any CPU.ActiveCfg = Release|Any CPU
		{AC3D5648-7A6A-4400-85D2-A0EAB2CF87A9}.Release|Any CPU.Build.0 = Release|Any CPU
		{3C933F65-3F32-41CB-B441-2492E3D06941}.Debug|Any CPU.ActiveCfg = Debug|Any CPU
		{3C933F65-3F32-41CB-B441-2492E3D06941}.Debug|Any CPU.Build.0 = Debug|Any CPU
		{3C933F65-3F32-41CB-B441-2492E3D06941}.Release|Any CPU.ActiveCfg = Release|Any CPU
		{3C933F65-3F32-41CB-B441-2492E3D06941}.Release|Any CPU.Build.0 = Release|Any CPU
		{9A2880F2-FD78-40C9-943F-17043B180EA7}.Debug|Any CPU.ActiveCfg = Debug|Any CPU
		{9A2880F2-FD78-40C9-943F-17043B180EA7}.Debug|Any CPU.Build.0 = Debug|Any CPU
		{9A2880F2-FD78-40C9-943F-17043B180EA7}.Release|Any CPU.ActiveCfg = Release|Any CPU
		{9A2880F2-FD78-40C9-943F-17043B180EA7}.Release|Any CPU.Build.0 = Release|Any CPU
		{3B534978-8592-4147-8813-333060C5F5DF}.Debug|Any CPU.ActiveCfg = Debug|Any CPU
		{3B534978-8592-4147-8813-333060C5F5DF}.Debug|Any CPU.Build.0 = Debug|Any CPU
		{3B534978-8592-4147-8813-333060C5F5DF}.Release|Any CPU.ActiveCfg = Release|Any CPU
		{3B534978-8592-4147-8813-333060C5F5DF}.Release|Any CPU.Build.0 = Release|Any CPU
		{3F75168D-8508-4000-B522-F368FF761901}.Debug|Any CPU.ActiveCfg = Debug|Any CPU
		{3F75168D-8508-4000-B522-F368FF761901}.Debug|Any CPU.Build.0 = Debug|Any CPU
		{3F75168D-8508-4000-B522-F368FF761901}.Release|Any CPU.ActiveCfg = Release|Any CPU
		{3F75168D-8508-4000-B522-F368FF761901}.Release|Any CPU.Build.0 = Release|Any CPU
		{BBB625D4-3E58-4203-9837-BF256B8AB952}.Debug|Any CPU.ActiveCfg = Debug|Any CPU
		{BBB625D4-3E58-4203-9837-BF256B8AB952}.Debug|Any CPU.Build.0 = Debug|Any CPU
		{BBB625D4-3E58-4203-9837-BF256B8AB952}.Release|Any CPU.ActiveCfg = Release|Any CPU
		{BBB625D4-3E58-4203-9837-BF256B8AB952}.Release|Any CPU.Build.0 = Release|Any CPU
		{3A9A6E7A-9805-45CC-8E92-8C58BD5CC97C}.Debug|Any CPU.ActiveCfg = Debug|Any CPU
		{3A9A6E7A-9805-45CC-8E92-8C58BD5CC97C}.Debug|Any CPU.Build.0 = Debug|Any CPU
		{3A9A6E7A-9805-45CC-8E92-8C58BD5CC97C}.Release|Any CPU.ActiveCfg = Release|Any CPU
		{3A9A6E7A-9805-45CC-8E92-8C58BD5CC97C}.Release|Any CPU.Build.0 = Release|Any CPU
		{2E59395C-0699-4CF1-9531-4B40B149F04D}.Debug|Any CPU.ActiveCfg = Debug|Any CPU
		{2E59395C-0699-4CF1-9531-4B40B149F04D}.Debug|Any CPU.Build.0 = Debug|Any CPU
		{2E59395C-0699-4CF1-9531-4B40B149F04D}.Release|Any CPU.ActiveCfg = Release|Any CPU
		{2E59395C-0699-4CF1-9531-4B40B149F04D}.Release|Any CPU.Build.0 = Release|Any CPU
		{F21982D9-15D7-4689-82BD-18641807DCD1}.Debug|Any CPU.ActiveCfg = Debug|Any CPU
		{F21982D9-15D7-4689-82BD-18641807DCD1}.Debug|Any CPU.Build.0 = Debug|Any CPU
		{F21982D9-15D7-4689-82BD-18641807DCD1}.Release|Any CPU.ActiveCfg = Release|Any CPU
		{F21982D9-15D7-4689-82BD-18641807DCD1}.Release|Any CPU.Build.0 = Release|Any CPU
		{9F2A5D2E-3B49-4722-ADBE-E3ED3EE01A2E}.Debug|Any CPU.ActiveCfg = Debug|Any CPU
		{9F2A5D2E-3B49-4722-ADBE-E3ED3EE01A2E}.Debug|Any CPU.Build.0 = Debug|Any CPU
		{9F2A5D2E-3B49-4722-ADBE-E3ED3EE01A2E}.Release|Any CPU.ActiveCfg = Release|Any CPU
		{9F2A5D2E-3B49-4722-ADBE-E3ED3EE01A2E}.Release|Any CPU.Build.0 = Release|Any CPU
		{C6A02E95-C597-44F1-9849-80763EADB053}.Debug|Any CPU.ActiveCfg = Debug|Any CPU
		{C6A02E95-C597-44F1-9849-80763EADB053}.Debug|Any CPU.Build.0 = Debug|Any CPU
		{C6A02E95-C597-44F1-9849-80763EADB053}.Release|Any CPU.ActiveCfg = Release|Any CPU
		{C6A02E95-C597-44F1-9849-80763EADB053}.Release|Any CPU.Build.0 = Release|Any CPU
		{3B1CBB15-C67D-4E0C-B15F-D1D1A1F5A026}.Debug|Any CPU.ActiveCfg = Debug|Any CPU
		{3B1CBB15-C67D-4E0C-B15F-D1D1A1F5A026}.Debug|Any CPU.Build.0 = Debug|Any CPU
		{3B1CBB15-C67D-4E0C-B15F-D1D1A1F5A026}.Release|Any CPU.ActiveCfg = Release|Any CPU
		{3B1CBB15-C67D-4E0C-B15F-D1D1A1F5A026}.Release|Any CPU.Build.0 = Release|Any CPU
		{61384D80-C57B-4FC0-ACA7-8D3CEBC5A808}.Debug|Any CPU.ActiveCfg = Debug|Any CPU
		{61384D80-C57B-4FC0-ACA7-8D3CEBC5A808}.Debug|Any CPU.Build.0 = Debug|Any CPU
		{61384D80-C57B-4FC0-ACA7-8D3CEBC5A808}.Release|Any CPU.ActiveCfg = Release|Any CPU
		{61384D80-C57B-4FC0-ACA7-8D3CEBC5A808}.Release|Any CPU.Build.0 = Release|Any CPU
		{0197F659-9EDC-4B86-B5BB-CF24757BB503}.Debug|Any CPU.ActiveCfg = Debug|Any CPU
		{0197F659-9EDC-4B86-B5BB-CF24757BB503}.Debug|Any CPU.Build.0 = Debug|Any CPU
		{0197F659-9EDC-4B86-B5BB-CF24757BB503}.Release|Any CPU.ActiveCfg = Release|Any CPU
		{0197F659-9EDC-4B86-B5BB-CF24757BB503}.Release|Any CPU.Build.0 = Release|Any CPU
		{E13D92D9-BE16-4B53-852E-87C4C481C701}.Debug|Any CPU.ActiveCfg = Debug|Any CPU
		{E13D92D9-BE16-4B53-852E-87C4C481C701}.Debug|Any CPU.Build.0 = Debug|Any CPU
		{E13D92D9-BE16-4B53-852E-87C4C481C701}.Release|Any CPU.ActiveCfg = Release|Any CPU
		{E13D92D9-BE16-4B53-852E-87C4C481C701}.Release|Any CPU.Build.0 = Release|Any CPU
		{0B97BE8D-7D15-457E-96F0-213119D0E5DD}.Debug|Any CPU.ActiveCfg = Debug|Any CPU
		{0B97BE8D-7D15-457E-96F0-213119D0E5DD}.Debug|Any CPU.Build.0 = Debug|Any CPU
		{0B97BE8D-7D15-457E-96F0-213119D0E5DD}.Release|Any CPU.ActiveCfg = Release|Any CPU
		{0B97BE8D-7D15-457E-96F0-213119D0E5DD}.Release|Any CPU.Build.0 = Release|Any CPU
		{426D0FC5-5D71-4C96-9B3D-9BBFBC907B75}.Debug|Any CPU.ActiveCfg = Debug|Any CPU
		{426D0FC5-5D71-4C96-9B3D-9BBFBC907B75}.Debug|Any CPU.Build.0 = Debug|Any CPU
		{426D0FC5-5D71-4C96-9B3D-9BBFBC907B75}.Release|Any CPU.ActiveCfg = Release|Any CPU
		{426D0FC5-5D71-4C96-9B3D-9BBFBC907B75}.Release|Any CPU.Build.0 = Release|Any CPU
		{AE298E55-B31B-429E-88A2-7A3D4BF63833}.Debug|Any CPU.ActiveCfg = Debug|Any CPU
		{AE298E55-B31B-429E-88A2-7A3D4BF63833}.Debug|Any CPU.Build.0 = Debug|Any CPU
		{AE298E55-B31B-429E-88A2-7A3D4BF63833}.Release|Any CPU.ActiveCfg = Release|Any CPU
		{AE298E55-B31B-429E-88A2-7A3D4BF63833}.Release|Any CPU.Build.0 = Release|Any CPU
		{FCEDA8FB-FDCE-4F1F-9DA4-069C44E2BAC6}.Debug|Any CPU.ActiveCfg = Debug|Any CPU
		{FCEDA8FB-FDCE-4F1F-9DA4-069C44E2BAC6}.Debug|Any CPU.Build.0 = Debug|Any CPU
		{FCEDA8FB-FDCE-4F1F-9DA4-069C44E2BAC6}.Release|Any CPU.ActiveCfg = Release|Any CPU
		{FCEDA8FB-FDCE-4F1F-9DA4-069C44E2BAC6}.Release|Any CPU.Build.0 = Release|Any CPU
	EndGlobalSection
	GlobalSection(SolutionProperties) = preSolution
		HideSolutionNode = FALSE
	EndGlobalSection
	GlobalSection(NestedProjects) = preSolution
		{BB3A099F-E6E5-4C49-8C6D-431F0277E4B0} = {2BB36624-46F0-41D0-B655-536C191CE536}
		{57FE4C5F-8168-4F6A-A57D-9CAE839D52FE} = {2BB36624-46F0-41D0-B655-536C191CE536}
		{AC3D5648-7A6A-4400-85D2-A0EAB2CF87A9} = {2BB36624-46F0-41D0-B655-536C191CE536}
		{3C933F65-3F32-41CB-B441-2492E3D06941} = {2BB36624-46F0-41D0-B655-536C191CE536}
		{9A2880F2-FD78-40C9-943F-17043B180EA7} = {D8EB8B85-5351-496D-9731-D923DA586B8B}
		{3B534978-8592-4147-8813-333060C5F5DF} = {AA82F376-F434-44A5-BBA5-73C90F62613A}
		{3F75168D-8508-4000-B522-F368FF761901} = {F3307B3C-EA9E-42B5-8956-3DB635E7758F}
		{BBB625D4-3E58-4203-9837-BF256B8AB952} = {F3307B3C-EA9E-42B5-8956-3DB635E7758F}
		{3A9A6E7A-9805-45CC-8E92-8C58BD5CC97C} = {F3307B3C-EA9E-42B5-8956-3DB635E7758F}
		{2E59395C-0699-4CF1-9531-4B40B149F04D} = {F3307B3C-EA9E-42B5-8956-3DB635E7758F}
		{F21982D9-15D7-4689-82BD-18641807DCD1} = {D8EB8B85-5351-496D-9731-D923DA586B8B}
		{9F2A5D2E-3B49-4722-ADBE-E3ED3EE01A2E} = {D8EB8B85-5351-496D-9731-D923DA586B8B}
		{C6A02E95-C597-44F1-9849-80763EADB053} = {D8EB8B85-5351-496D-9731-D923DA586B8B}
		{3B1CBB15-C67D-4E0C-B15F-D1D1A1F5A026} = {AA82F376-F434-44A5-BBA5-73C90F62613A}
		{61384D80-C57B-4FC0-ACA7-8D3CEBC5A808} = {AA82F376-F434-44A5-BBA5-73C90F62613A}
		{0197F659-9EDC-4B86-B5BB-CF24757BB503} = {AA82F376-F434-44A5-BBA5-73C90F62613A}
		{0B97BE8D-7D15-457E-96F0-213119D0E5DD} = {D2589200-4608-4EC5-9913-C95B4995436E}
		{426D0FC5-5D71-4C96-9B3D-9BBFBC907B75} = {D2589200-4608-4EC5-9913-C95B4995436E}
		{AE298E55-B31B-429E-88A2-7A3D4BF63833} = {D2589200-4608-4EC5-9913-C95B4995436E}
		{FCEDA8FB-FDCE-4F1F-9DA4-069C44E2BAC6} = {D2589200-4608-4EC5-9913-C95B4995436E}
	EndGlobalSection
	GlobalSection(ExtensibilityGlobals) = postSolution
		SolutionGuid = {308CAE61-3B83-409A-83A7-7A8E24207E6D}
	EndGlobalSection
EndGlobal
